{
  "name": "OnBeat",
  "lockfileVersion": 3,
  "requires": true,
  "packages": {
    "": {
      "dependencies": {
        "bootstrap": "^5.3.3",
        "dotenv": "^16.4.5",
        "react-selection-highlighter": "^2.0.1"
      },
      "devDependencies": {
        "reactjs-editor": "^10.0.1"
      }
    },
    "node_modules/@popperjs/core": {
      "version": "2.11.8",
      "resolved": "https://registry.npmjs.org/@popperjs/core/-/core-2.11.8.tgz",
      "integrity": "sha512-P1st0aksCrn9sGZhp8GMYwBnQsbvAWsZAX44oXNNvLHGqAOcoVxmjZiohstwQ7SqKnbR47akdNi+uleWD8+g6A==",
      "license": "MIT",
      "peer": true,
      "funding": {
        "type": "opencollective",
        "url": "https://opencollective.com/popperjs"
      }
    },
    "node_modules/ancestors": {
      "version": "0.0.3",
      "resolved": "https://registry.npmjs.org/ancestors/-/ancestors-0.0.3.tgz",
      "integrity": "sha512-hWePu8BinW3M5wSo2++ahS6mb3ZZcYWFIxrmOfJI4990DRQnM/OrMNWorjVotrrAkVxldBdF17TCKenwin4XzA==",
      "license": "MIT"
    },
    "node_modules/bootstrap": {
      "version": "5.3.3",
      "resolved": "https://registry.npmjs.org/bootstrap/-/bootstrap-5.3.3.tgz",
      "integrity": "sha512-8HLCdWgyoMguSO9o+aH+iuZ+aht+mzW0u3HIMzVu7Srrpv7EBBxTnrFlSCskwdY1+EOFQSm7uMJhNQHkdPcmjg==",
      "funding": [
        {
          "type": "github",
          "url": "https://github.com/sponsors/twbs"
        },
        {
          "type": "opencollective",
          "url": "https://opencollective.com/bootstrap"
        }
      ],
      "license": "MIT",
      "peerDependencies": {
        "@popperjs/core": "^2.11.8"
      }
    },
    "node_modules/dom-seek": {
      "version": "4.0.3",
      "resolved": "https://registry.npmjs.org/dom-seek/-/dom-seek-4.0.3.tgz",
      "integrity": "sha512-Tx9l8RmRkbqfIW0EXPPeKS5+2AJ2+9s2Sam+G+xi9JgPoYEwnSRg+6knLswI66QRD7DaVTI/GRS9qDWAMi/SPg==",
      "license": "MIT",
      "dependencies": {
        "ancestors": "0.0.3",
        "index-of": "^0.2.0"
      }
    },
    "node_modules/dotenv": {
      "version": "16.4.5",
      "resolved": "https://registry.npmjs.org/dotenv/-/dotenv-16.4.5.tgz",
      "integrity": "sha512-ZmdL2rui+eB2YwhsWzjInR8LldtZHGDoQ1ugH85ppHKwpUHL7j7rN0Ti9NCnGiQbhaZ11FpR+7ao1dNsmduNUg==",
      "license": "BSD-2-Clause",
      "engines": {
        "node": ">=12"
      },
      "funding": {
        "url": "https://dotenvx.com"
      }
    },
    "node_modules/get-document": {
      "version": "1.0.0",
      "resolved": "https://registry.npmjs.org/get-document/-/get-document-1.0.0.tgz",
      "integrity": "sha512-8E7H2Xxibav+/rQTTtm6gFlSQwDoAQg667yheA+vWQr/amxEuswChzGo4MIbOJJoR0SMpDyhbUqWp3FpIfwD9A=="
    },
    "node_modules/index-of": {
      "version": "0.2.0",
      "resolved": "https://registry.npmjs.org/index-of/-/index-of-0.2.0.tgz",
      "integrity": "sha512-VkoJmFW85R0il3IJJYCD7wdQ8pQgTtVoCSqu/BI/ZMy51qDJ618nQsiWmQ6tnyKZShEG2nLt7i7o3YJmEPJSyg==",
      "license": "MIT",
      "engines": {
        "node": ">=0.10.0"
      }
    },
    "node_modules/js-tokens": {
      "version": "4.0.0",
      "resolved": "https://registry.npmjs.org/js-tokens/-/js-tokens-4.0.0.tgz",
      "integrity": "sha512-RdJUflcE3cUzKiMqQgsCu06FPu9UdIJO0beYbPhHN4k6apgJtifcoCtT9bcxOpYBtpD2kCM6Sbzg4CausW/PKQ==",
      "dev": true,
      "license": "MIT",
      "peer": true
    },
    "node_modules/loose-envify": {
      "version": "1.4.0",
      "resolved": "https://registry.npmjs.org/loose-envify/-/loose-envify-1.4.0.tgz",
      "integrity": "sha512-lyuxPGr/Wfhrlem2CL/UcnUc1zcqKAImBDzukY7Y5F/yQiNdko6+fRLevlw1HgMySw7f611UIY408EtxRSoK3Q==",
      "dev": true,
      "license": "MIT",
      "peer": true,
      "dependencies": {
        "js-tokens": "^3.0.0 || ^4.0.0"
      },
      "bin": {
        "loose-envify": "cli.js"
      }
    },
    "node_modules/react": {
      "version": "18.3.1",
      "resolved": "https://registry.npmjs.org/react/-/react-18.3.1.tgz",
      "integrity": "sha512-wS+hAgJShR0KhEvPJArfuPVN1+Hz1t0Y6n5jLrGQbkb4urgPE/0Rve+1kMB1v/oWgHgm4WIcV+i7F2pTVj+2iQ==",
      "dev": true,
      "license": "MIT",
      "peer": true,
      "dependencies": {
        "loose-envify": "^1.1.0"
      },
      "engines": {
        "node": ">=0.10.0"
      }
    },
    "node_modules/react-dom": {
      "version": "18.3.1",
      "resolved": "https://registry.npmjs.org/react-dom/-/react-dom-18.3.1.tgz",
      "integrity": "sha512-5m4nQKp+rZRb09LNH59GM4BxTh9251/ylbKIbpe7TpGxfJ+9kv6BLkLBXIjjspbgbnIBNqlI23tRnTWT0snUIw==",
      "dev": true,
      "license": "MIT",
      "peer": true,
      "dependencies": {
        "loose-envify": "^1.1.0",
        "scheduler": "^0.23.2"
      },
      "peerDependencies": {
        "react": "^18.3.1"
      }
    },
    "node_modules/react-from-dom": {
      "version": "0.6.2",
      "resolved": "https://registry.npmjs.org/react-from-dom/-/react-from-dom-0.6.2.tgz",
      "integrity": "sha512-qvWWTL/4xw4k/Dywd41RBpLQUSq97csuv15qrxN+izNeLYlD9wn5W8LspbfYe5CWbaSdkZ72BsaYBPQf2x4VbQ==",
      "dev": true,
      "license": "MIT",
      "peer": true,
      "peerDependencies": {
        "react": "^16.8.0 || ^17.0.0 || ^18.0.0"
      }
    },
    "node_modules/react-selection-highlighter": {
      "version": "2.0.1",
      "resolved": "https://registry.npmjs.org/react-selection-highlighter/-/react-selection-highlighter-2.0.1.tgz",
      "integrity": "sha512-kGVEVzMuAnCAy3xjlHJ+Rq1fkD3NCgImnCS6o6P0L4i4obmlY2Kd0cQzMSjY4MjVmoXD0ztCwak8s9mKJvSb1g==",
      "license": "MIT",
      "dependencies": {
        "xpath-range": "^1.1.1"
      }
    },
    "node_modules/reactjs-editor": {
      "version": "10.0.1",
      "resolved": "https://registry.npmjs.org/reactjs-editor/-/reactjs-editor-10.0.1.tgz",
      "integrity": "sha512-OsW37EFjavGrdvgXob0u65npopaEu2PPRv4PZJWPheHNbRxiYUg7LsQnyYxP6EbrG4v9BLwaHHHv/+TtFDKKXA==",
      "dev": true,
      "license": "MIT",
      "peerDependencies": {
        "react": "^18.2.0",
        "react-dom": "^18.2.0",
        "react-from-dom": "^0.6.2",
        "xpath-range": "^1.1.1",
        "zustand": "^4.3.9"
      }
    },
    "node_modules/scheduler": {
      "version": "0.23.2",
      "resolved": "https://registry.npmjs.org/scheduler/-/scheduler-0.23.2.tgz",
      "integrity": "sha512-UOShsPwz7NrMUqhR6t0hWjFduvOzbtv7toDH1/hIrfRNIDBnnBWd0CwJTGvTpngVlmwGCdP9/Zl/tVrDqcuYzQ==",
      "dev": true,
      "license": "MIT",
      "peer": true,
      "dependencies": {
        "loose-envify": "^1.1.0"
      }
    },
    "node_modules/simple-xpath-position": {
      "version": "2.0.2",
      "resolved": "https://registry.npmjs.org/simple-xpath-position/-/simple-xpath-position-2.0.2.tgz",
      "integrity": "sha512-zw9Dp7qyVy+ooikD13m7jDys4jioriKk734OdRarV1i8NKWRcyRy/c3ZU+WOGjDIbv9f8lR9lmYhK01KWNmeZg==",
      "license": "MIT",
      "dependencies": {
        "get-document": "^1.0.0"
      }
    },
    "node_modules/use-sync-external-store": {
      "version": "1.2.2",
      "resolved": "https://registry.npmjs.org/use-sync-external-store/-/use-sync-external-store-1.2.2.tgz",
      "integrity": "sha512-PElTlVMwpblvbNqQ82d2n6RjStvdSoNe9FG28kNfz3WiXilJm4DdNkEzRhCZuIDwY8U08WVihhGR5iRqAwfDiw==",
      "dev": true,
      "license": "MIT",
      "peer": true,
      "peerDependencies": {
        "react": "^16.8.0 || ^17.0.0 || ^18.0.0"
      }
    },
    "node_modules/xpath-range": {
      "version": "1.1.1",
      "resolved": "https://registry.npmjs.org/xpath-range/-/xpath-range-1.1.1.tgz",
      "integrity": "sha512-4Z6ziMtnOY+KUPvURer0/jszHbf9toi1baO/Rqetvb69XdFcgLL9m52ia5w9H2qICIgh6q7MOyPVIvOyeDi/cg==",
      "license": "MIT",
      "dependencies": {
        "dom-seek": "^4.0.1",
        "get-document": "^1.0.0",
        "simple-xpath-position": "^2.0.0"
      }
    },
    "node_modules/zustand": {
      "version": "4.5.5",
      "resolved": "https://registry.npmjs.org/zustand/-/zustand-4.5.5.tgz",
      "integrity": "sha512-+0PALYNJNgK6hldkgDq2vLrw5f6g/jCInz52n9RTpropGgeAf/ioFUCdtsjCqu4gNhW9D01rUQBROoRjdzyn2Q==",
      "dev": true,
      "license": "MIT",
      "peer": true,
      "dependencies": {
        "use-sync-external-store": "1.2.2"
      },
      "engines": {
        "node": ">=12.7.0"
      },
      "peerDependencies": {
        "@types/react": ">=16.8",
        "immer": ">=9.0.6",
        "react": ">=16.8"
      },
      "peerDependenciesMeta": {
        "@types/react": {
          "optional": true
        },
        "immer": {
          "optional": true
        },
        "react": {
          "optional": true
        }
      }
    }
  }
}
